
Microsoft Visual Studio Solution File, Format Version 12.00
# Visual Studio Version 17
VisualStudioVersion = 17.0.31903.59
MinimumVisualStudioVersion = 10.0.40219.1
Project("{FAE04EC0-301F-11D3-BF4B-00C04F79EFBC}") = "OthelloUI", "OthelloUI\OthelloUI.csproj", "{7DCAF6AB-8327-499B-B526-4D9D1FE8E8F5}"
EndProject
Project("{FAE04EC0-301F-11D3-BF4B-00C04F79EFBC}") = "OthelloLogic", "OthelloLogic\OthelloLogic.csproj", "{7B019136-EAA7-47C3-92A3-C0AE599A2206}"
EndProject
Global
	GlobalSection(SolutionConfigurationPlatforms) = preSolution
		Debug|Any CPU = Debug|Any CPU
		Release|Any CPU = Release|Any CPU
	EndGlobalSection
	GlobalSection(ProjectConfigurationPlatforms) = postSolution
		{7DCAF6AB-8327-499B-B526-4D9D1FE8E8F5}.Debug|Any CPU.ActiveCfg = Debug|Any CPU
		{7DCAF6AB-8327-499B-B526-4D9D1FE8E8F5}.Debug|Any CPU.Build.0 = Debug|Any CPU
		{7DCAF6AB-8327-499B-B526-4D9D1FE8E8F5}.Release|Any CPU.ActiveCfg = Release|Any CPU
		{7DCAF6AB-8327-499B-B526-4D9D1FE8E8F5}.Release|Any CPU.Build.0 = Release|Any CPU
		{7B019136-EAA7-47C3-92A3-C0AE599A2206}.Debug|Any CPU.ActiveCfg = Debug|Any CPU
		{7B019136-EAA7-47C3-92A3-C0AE599A2206}.Debug|Any CPU.Build.0 = Debug|Any CPU
		{7B019136-EAA7-47C3-92A3-C0AE599A2206}.Release|Any CPU.ActiveCfg = Release|Any CPU
		{7B019136-EAA7-47C3-92A3-C0AE599A2206}.Release|Any CPU.Build.0 = Release|Any CPU
		{56742A5D-1097-49E5-99B7-BE2681BFF947}.Debug|Any CPU.ActiveCfg = Debug|Any CPU
		{56742A5D-1097-49E5-99B7-BE2681BFF947}.Debug|Any CPU.Build.0 = Debug|Any CPU
		{56742A5D-1097-49E5-99B7-BE2681BFF947}.Release|Any CPU.ActiveCfg = Release|Any CPU
		{56742A5D-1097-49E5-99B7-BE2681BFF947}.Release|Any CPU.Build.0 = Release|Any CPU
	EndGlobalSection
	GlobalSection(SolutionProperties) = preSolution
		HideSolutionNode = FALSE
	EndGlobalSection
EndGlobal
